{
  "version": 4,
  "terraform_version": "1.0.0",
  "serial": 4,
  "lineage": "61c2a768-0288-ef7c-61ab-244c6a9564a5",
  "outputs": {},
  "resources": [
    {
      "mode": "managed",
      "type": "aws_elb",
      "name": "example",
      "provider": "provider[\"registry.terraform.io/hashicorp/aws\"]",
      "instances": [
        {
          "schema_version": 0,
          "attributes": {
            "access_logs": [],
            "arn": "arn:aws:elasticloadbalancing:ap-south-1:457886031769:loadbalancer/ElasticloadBalancer",
            "availability_zones": [
              "ap-south-1a"
            ],
            "connection_draining": false,
            "connection_draining_timeout": 300,
            "cross_zone_load_balancing": true,
            "dns_name": "ElasticloadBalancer-1847564289.ap-south-1.elb.amazonaws.com",
            "health_check": [
              {
                "healthy_threshold": 2,
                "interval": 30,
                "target": "HTTP:8080/",
                "timeout": 3,
                "unhealthy_threshold": 2
              }
            ],
            "id": "ElasticloadBalancer",
            "idle_timeout": 60,
            "instances": [],
            "internal": false,
            "listener": [
              {
                "instance_port": 8080,
                "instance_protocol": "http",
                "lb_port": 80,
                "lb_protocol": "http",
                "ssl_certificate_id": ""
              }
            ],
            "name": "ElasticloadBalancer",
            "name_prefix": null,
            "security_groups": [
              "sg-0e075194cad1345af"
            ],
            "source_security_group": "457886031769/default_elb_3d79cc63-d7dc-3b4e-ba06-c8a53eb28b8b",
            "source_security_group_id": "sg-0e075194cad1345af",
            "subnets": [
              "subnet-4ac53621"
            ],
            "tags": null,
            "tags_all": {},
            "zone_id": "ZP97RAFLXTNZK"
          },
          "sensitive_attributes": [],
          "private": "bnVsbA=="
        }
      ]
    }
  ]
}
